// !$*UTF8*$!
{
	archiveVersion = 1;
	classes = {
	};
	objectVersion = 55;
	objects = {

/* Begin PBXBuildFile section */
		483318BC27DB35E1002A07BA /* Tests_iOS.swift in Sources */ = {isa = PBXBuildFile; fileRef = 483318BB27DB35E1002A07BA /* Tests_iOS.swift */; };
		483318BE27DB35E1002A07BA /* Tests_iOSLaunchTests.swift in Sources */ = {isa = PBXBuildFile; fileRef = 483318BD27DB35E1002A07BA /* Tests_iOSLaunchTests.swift */; };
		483318C827DB35E1002A07BA /* Tests_macOS.swift in Sources */ = {isa = PBXBuildFile; fileRef = 483318C727DB35E1002A07BA /* Tests_macOS.swift */; };
		483318CA27DB35E1002A07BA /* Tests_macOSLaunchTests.swift in Sources */ = {isa = PBXBuildFile; fileRef = 483318C927DB35E1002A07BA /* Tests_macOSLaunchTests.swift */; };
		483318CB27DB35E1002A07BA /* playingApp.swift in Sources */ = {isa = PBXBuildFile; fileRef = 483318A327DB35DE002A07BA /* playingApp.swift */; };
		483318CC27DB35E1002A07BA /* playingApp.swift in Sources */ = {isa = PBXBuildFile; fileRef = 483318A327DB35DE002A07BA /* playingApp.swift */; };
		483318CD27DB35E1002A07BA /* ContentView.swift in Sources */ = {isa = PBXBuildFile; fileRef = 483318A427DB35DE002A07BA /* ContentView.swift */; };
		483318CE27DB35E1002A07BA /* ContentView.swift in Sources */ = {isa = PBXBuildFile; fileRef = 483318A427DB35DE002A07BA /* ContentView.swift */; };
		483318CF27DB35E1002A07BA /* Assets.xcassets in Resources */ = {isa = PBXBuildFile; fileRef = 483318A527DB35E1002A07BA /* Assets.xcassets */; };
		483318D027DB35E1002A07BA /* Assets.xcassets in Resources */ = {isa = PBXBuildFile; fileRef = 483318A527DB35E1002A07BA /* Assets.xcassets */; };
/* End PBXBuildFile section */

/* Begin PBXContainerItemProxy section */
		483318B827DB35E1002A07BA /* PBXContainerItemProxy */ = {
			isa = PBXContainerItemProxy;
			containerPortal = 4833189E27DB35DE002A07BA /* Project object */;
			proxyType = 1;
			remoteGlobalIDString = 483318A927DB35E1002A07BA;
			remoteInfo = "playing (iOS)";
		};
		483318C427DB35E1002A07BA /* PBXContainerItemProxy */ = {
			isa = PBXContainerItemProxy;
			containerPortal = 4833189E27DB35DE002A07BA /* Project object */;
			proxyType = 1;
			remoteGlobalIDString = 483318AF27DB35E1002A07BA;
			remoteInfo = "playing (macOS)";
		};
/* End PBXContainerItemProxy section */

/* Begin PBXFileReference section */
		483318A327DB35DE002A07BA /* playingApp.swift */ = {isa = PBXFileReference; lastKnownFileType = sourcecode.swift; path = playingApp.swift; sourceTree = "<group>"; };
		483318A427DB35DE002A07BA /* ContentView.swift */ = {isa = PBXFileReference; lastKnownFileType = sourcecode.swift; path = ContentView.swift; sourceTree = "<group>"; };
		483318A527DB35E1002A07BA /* Assets.xcassets */ = {isa = PBXFileReference; lastKnownFileType = folder.assetcatalog; path = Assets.xcassets; sourceTree = "<group>"; };
		483318AA27DB35E1002A07BA /* playing.app */ = {isa = PBXFileReference; explicitFileType = wrapper.application; includeInIndex = 0; path = playing.app; sourceTree = BUILT_PRODUCTS_DIR; };
		483318B027DB35E1002A07BA /* playing.app */ = {isa = PBXFileReference; explicitFileType = wrapper.application; includeInIndex = 0; path = playing.app; sourceTree = BUILT_PRODUCTS_DIR; };
		483318B227DB35E1002A07BA /* macOS.entitlements */ = {isa = PBXFileReference; lastKnownFileType = text.plist.entitlements; path = macOS.entitlements; sourceTree = "<group>"; };
		483318B727DB35E1002A07BA /* Tests iOS.xctest */ = {isa = PBXFileReference; explicitFileType = wrapper.cfbundle; includeInIndex = 0; path = "Tests iOS.xctest"; sourceTree = BUILT_PRODUCTS_DIR; };
		483318BB27DB35E1002A07BA /* Tests_iOS.swift */ = {isa = PBXFileReference; lastKnownFileType = sourcecode.swift; path = Tests_iOS.swift; sourceTree = "<group>"; };
		483318BD27DB35E1002A07BA /* Tests_iOSLaunchTests.swift */ = {isa = PBXFileReference; lastKnownFileType = sourcecode.swift; path = Tests_iOSLaunchTests.swift; sourceTree = "<group>"; };
		483318C327DB35E1002A07BA /* Tests macOS.xctest */ = {isa = PBXFileReference; explicitFileType = wrapper.cfbundle; includeInIndex = 0; path = "Tests macOS.xctest"; sourceTree = BUILT_PRODUCTS_DIR; };
		483318C727DB35E1002A07BA /* Tests_macOS.swift */ = {isa = PBXFileReference; lastKnownFileType = sourcecode.swift; path = Tests_macOS.swift; sourceTree = "<group>"; };
		483318C927DB35E1002A07BA /* Tests_macOSLaunchTests.swift */ = {isa = PBXFileReference; lastKnownFileType = sourcecode.swift; path = Tests_macOSLaunchTests.swift; sourceTree = "<group>"; };
/* End PBXFileReference section */

/* Begin PBXFrameworksBuildPhase section */
		483318A727DB35E1002A07BA /* Frameworks */ = {
			isa = PBXFrameworksBuildPhase;
			buildActionMask = 2147483647;
			files = (
			);
			runOnlyForDeploymentPostprocessing = 0;
		};
		483318AD27DB35E1002A07BA /* Frameworks */ = {
			isa = PBXFrameworksBuildPhase;
			buildActionMask = 2147483647;
			files = (
			);
			runOnlyForDeploymentPostprocessing = 0;
		};
		483318B427DB35E1002A07BA /* Frameworks */ = {
			isa = PBXFrameworksBuildPhase;
			buildActionMask = 2147483647;
			files = (
			);
			runOnlyForDeploymentPostprocessing = 0;
		};
		483318C027DB35E1002A07BA /* Frameworks */ = {
			isa = PBXFrameworksBuildPhase;
			buildActionMask = 2147483647;
			files = (
			);
			runOnlyForDeploymentPostprocessing = 0;
		};
/* End PBXFrameworksBuildPhase section */

/* Begin PBXGroup section */
		4833189D27DB35DE002A07BA = {
			isa = PBXGroup;
			children = (
				483318A227DB35DE002A07BA /* Shared */,
				483318B127DB35E1002A07BA /* macOS */,
				483318BA27DB35E1002A07BA /* Tests iOS */,
				483318C627DB35E1002A07BA /* Tests macOS */,
				483318AB27DB35E1002A07BA /* Products */,
			);
			sourceTree = "<group>";
		};
		483318A227DB35DE002A07BA /* Shared */ = {
			isa = PBXGroup;
			children = (
				483318A327DB35DE002A07BA /* playingApp.swift */,
				483318A427DB35DE002A07BA /* ContentView.swift */,
				483318A527DB35E1002A07BA /* Assets.xcassets */,
			);
			path = Shared;
			sourceTree = "<group>";
		};
		483318AB27DB35E1002A07BA /* Products */ = {
			isa = PBXGroup;
			children = (
				483318AA27DB35E1002A07BA /* playing.app */,
				483318B027DB35E1002A07BA /* playing.app */,
				483318B727DB35E1002A07BA /* Tests iOS.xctest */,
				483318C327DB35E1002A07BA /* Tests macOS.xctest */,
			);
			name = Products;
			sourceTree = "<group>";
		};
		483318B127DB35E1002A07BA /* macOS */ = {
			isa = PBXGroup;
			children = (
				483318B227DB35E1002A07BA /* macOS.entitlements */,
			);
			path = macOS;
			sourceTree = "<group>";
		};
		483318BA27DB35E1002A07BA /* Tests iOS */ = {
			isa = PBXGroup;
			children = (
				483318BB27DB35E1002A07BA /* Tests_iOS.swift */,
				483318BD27DB35E1002A07BA /* Tests_iOSLaunchTests.swift */,
			);
			path = "Tests iOS";
			sourceTree = "<group>";
		};
		483318C627DB35E1002A07BA /* Tests macOS */ = {
			isa = PBXGroup;
			children = (
				483318C727DB35E1002A07BA /* Tests_macOS.swift */,
				483318C927DB35E1002A07BA /* Tests_macOSLaunchTests.swift */,
			);
			path = "Tests macOS";
			sourceTree = "<group>";
		};
/* End PBXGroup section */

/* Begin PBXNativeTarget section */
		483318A927DB35E1002A07BA /* playing (iOS) */ = {
			isa = PBXNativeTarget;
			buildConfigurationList = 483318D327DB35E1002A07BA /* Build configuration list for PBXNativeTarget "playing (iOS)" */;
			buildPhases = (
				483318A627DB35E1002A07BA /* Sources */,
				483318A727DB35E1002A07BA /* Frameworks */,
				483318A827DB35E1002A07BA /* Resources */,
			);
			buildRules = (
			);
			dependencies = (
			);
			name = "playing (iOS)";
			productName = "playing (iOS)";
			productReference = 483318AA27DB35E1002A07BA /* playing.app */;
			productType = "com.apple.product-type.application";
		};
		483318AF27DB35E1002A07BA /* playing (macOS) */ = {
			isa = PBXNativeTarget;
			buildConfigurationList = 483318D627DB35E1002A07BA /* Build configuration list for PBXNativeTarget "playing (macOS)" */;
			buildPhases = (
				483318AC27DB35E1002A07BA /* Sources */,
				483318AD27DB35E1002A07BA /* Frameworks */,
				483318AE27DB35E1002A07BA /* Resources */,
			);
			buildRules = (
			);
			dependencies = (
			);
			name = "playing (macOS)";
			productName = "playing (macOS)";
			productReference = 483318B027DB35E1002A07BA /* playing.app */;
			productType = "com.apple.product-type.application";
		};
		483318B627DB35E1002A07BA /* Tests iOS */ = {
			isa = PBXNativeTarget;
			buildConfigurationList = 483318D927DB35E1002A07BA /* Build configuration list for PBXNativeTarget "Tests iOS" */;
			buildPhases = (
				483318B327DB35E1002A07BA /* Sources */,
				483318B427DB35E1002A07BA /* Frameworks */,
				483318B527DB35E1002A07BA /* Resources */,
			);
			buildRules = (
			);
			dependencies = (
				483318B927DB35E1002A07BA /* PBXTargetDependency */,
			);
			name = "Tests iOS";
			productName = "Tests iOS";
			productReference = 483318B727DB35E1002A07BA /* Tests iOS.xctest */;
			productType = "com.apple.product-type.bundle.ui-testing";
		};
		483318C227DB35E1002A07BA /* Tests macOS */ = {
			isa = PBXNativeTarget;
			buildConfigurationList = 483318DC27DB35E1002A07BA /* Build configuration list for PBXNativeTarget "Tests macOS" */;
			buildPhases = (
				483318BF27DB35E1002A07BA /* Sources */,
				483318C027DB35E1002A07BA /* Frameworks */,
				483318C127DB35E1002A07BA /* Resources */,
			);
			buildRules = (
			);
			dependencies = (
				483318C527DB35E1002A07BA /* PBXTargetDependency */,
			);
			name = "Tests macOS";
			productName = "Tests macOS";
			productReference = 483318C327DB35E1002A07BA /* Tests macOS.xctest */;
			productType = "com.apple.product-type.bundle.ui-testing";
		};
/* End PBXNativeTarget section */

/* Begin PBXProject section */
		4833189E27DB35DE002A07BA /* Project object */ = {
			isa = PBXProject;
			attributes = {
				BuildIndependentTargetsInParallel = 1;
				LastSwiftUpdateCheck = 1320;
				LastUpgradeCheck = 1320;
				TargetAttributes = {
					483318A927DB35E1002A07BA = {
						CreatedOnToolsVersion = 13.2;
					};
					483318AF27DB35E1002A07BA = {
						CreatedOnToolsVersion = 13.2;
					};
					483318B627DB35E1002A07BA = {
						CreatedOnToolsVersion = 13.2;
						TestTargetID = 483318A927DB35E1002A07BA;
					};
					483318C227DB35E1002A07BA = {
						CreatedOnToolsVersion = 13.2;
						TestTargetID = 483318AF27DB35E1002A07BA;
					};
				};
			};
			buildConfigurationList = 483318A127DB35DE002A07BA /* Build configuration list for PBXProject "playing" */;
			compatibilityVersion = "Xcode 13.0";
			developmentRegion = en;
			hasScannedForEncodings = 0;
			knownRegions = (
				en,
				Base,
			);
			mainGroup = 4833189D27DB35DE002A07BA;
			productRefGroup = 483318AB27DB35E1002A07BA /* Products */;
			projectDirPath = "";
			projectRoot = "";
			targets = (
				483318A927DB35E1002A07BA /* playing (iOS) */,
				483318AF27DB35E1002A07BA /* playing (macOS) */,
				483318B627DB35E1002A07BA /* Tests iOS */,
				483318C227DB35E1002A07BA /* Tests macOS */,
			);
		};
/* End PBXProject section */

/* Begin PBXResourcesBuildPhase section */
		483318A827DB35E1002A07BA /* Resources */ = {
			isa = PBXResourcesBuildPhase;
			buildActionMask = 2147483647;
			files = (
				483318CF27DB35E1002A07BA /* Assets.xcassets in Resources */,
			);
			runOnlyForDeploymentPostprocessing = 0;
		};
		483318AE27DB35E1002A07BA /* Resources */ = {
			isa = PBXResourcesBuildPhase;
			buildActionMask = 2147483647;
			files = (
				483318D027DB35E1002A07BA /* Assets.xcassets in Resources */,
			);
			runOnlyForDeploymentPostprocessing = 0;
		};
		483318B527DB35E1002A07BA /* Resources */ = {
			isa = PBXResourcesBuildPhase;
			buildActionMask = 2147483647;
			files = (
			);
			runOnlyForDeploymentPostprocessing = 0;
		};
		483318C127DB35E1002A07BA /* Resources */ = {
			isa = PBXResourcesBuildPhase;
			buildActionMask = 2147483647;
			files = (
			);
			runOnlyForDeploymentPostprocessing = 0;
		};
/* End PBXResourcesBuildPhase section */

/* Begin PBXSourcesBuildPhase section */
		483318A627DB35E1002A07BA /* Sources */ = {
			isa = PBXSourcesBuildPhase;
			buildActionMask = 2147483647;
			files = (
				483318CD27DB35E1002A07BA /* ContentView.swift in Sources */,
				483318CB27DB35E1002A07BA /* playingApp.swift in Sources */,
			);
			runOnlyForDeploymentPostprocessing = 0;
		};
		483318AC27DB35E1002A07BA /* Sources */ = {
			isa = PBXSourcesBuildPhase;
			buildActionMask = 2147483647;
			files = (
				483318CE27DB35E1002A07BA /* ContentView.swift in Sources */,
				483318CC27DB35E1002A07BA /* playingApp.swift in Sources */,
			);
			runOnlyForDeploymentPostprocessing = 0;
		};
		483318B327DB35E1002A07BA /* Sources */ = {
			isa = PBXSourcesBuildPhase;
			buildActionMask = 2147483647;
			files = (
				483318BE27DB35E1002A07BA /* Tests_iOSLaunchTests.swift in Sources */,
				483318BC27DB35E1002A07BA /* Tests_iOS.swift in Sources */,
			);
			runOnlyForDeploymentPostprocessing = 0;
		};
		483318BF27DB35E1002A07BA /* Sources */ = {
			isa = PBXSourcesBuildPhase;
			buildActionMask = 2147483647;
			files = (
				483318CA27DB35E1002A07BA /* Tests_macOSLaunchTests.swift in Sources */,
				483318C827DB35E1002A07BA /* Tests_macOS.swift in Sources */,
			);
			runOnlyForDeploymentPostprocessing = 0;
		};
/* End PBXSourcesBuildPhase section */

/* Begin PBXTargetDependency section */
		483318B927DB35E1002A07BA /* PBXTargetDependency */ = {
			isa = PBXTargetDependency;
			target = 483318A927DB35E1002A07BA /* playing (iOS) */;
			targetProxy = 483318B827DB35E1002A07BA /* PBXContainerItemProxy */;
		};
		483318C527DB35E1002A07BA /* PBXTargetDependency */ = {
			isa = PBXTargetDependency;
			target = 483318AF27DB35E1002A07BA /* playing (macOS) */;
			targetProxy = 483318C427DB35E1002A07BA /* PBXContainerItemProxy */;
		};
/* End PBXTargetDependency section */

/* Begin XCBuildConfiguration section */
		483318D127DB35E1002A07BA /* Debug */ = {
			isa = XCBuildConfiguration;
			buildSettings = {
				ALWAYS_SEARCH_USER_PATHS = NO;
				CLANG_ANALYZER_NONNULL = YES;
				CLANG_ANALYZER_NUMBER_OBJECT_CONVERSION = YES_AGGRESSIVE;
				CLANG_CXX_LANGUAGE_STANDARD = "gnu++17";
				CLANG_CXX_LIBRARY = "libc++";
				CLANG_ENABLE_MODULES = YES;
				CLANG_ENABLE_OBJC_ARC = YES;
				CLANG_ENABLE_OBJC_WEAK = YES;
				CLANG_WARN_BLOCK_CAPTURE_AUTORELEASING = YES;
				CLANG_WARN_BOOL_CONVERSION = YES;
				CLANG_WARN_COMMA = YES;
				CLANG_WARN_CONSTANT_CONVERSION = YES;
				CLANG_WARN_DEPRECATED_OBJC_IMPLEMENTATIONS = YES;
				CLANG_WARN_DIRECT_OBJC_ISA_USAGE = YES_ERROR;
				CLANG_WARN_DOCUMENTATION_COMMENTS = YES;
				CLANG_WARN_EMPTY_BODY = YES;
				CLANG_WARN_ENUM_CONVERSION = YES;
				CLANG_WARN_INFINITE_RECURSION = YES;
				CLANG_WARN_INT_CONVERSION = YES;
				CLANG_WARN_NON_LITERAL_NULL_CONVERSION = YES;
				CLANG_WARN_OBJC_IMPLICIT_RETAIN_SELF = YES;
				CLANG_WARN_OBJC_LITERAL_CONVERSION = YES;
				CLANG_WARN_OBJC_ROOT_CLASS = YES_ERROR;
				CLANG_WARN_QUOTED_INCLUDE_IN_FRAMEWORK_HEADER = YES;
				CLANG_WARN_RANGE_LOOP_ANALYSIS = YES;
				CLANG_WARN_STRICT_PROTOTYPES = YES;
				CLANG_WARN_SUSPICIOUS_MOVE = YES;
				CLANG_WARN_UNGUARDED_AVAILABILITY = YES_AGGRESSIVE;
				CLANG_WARN_UNREACHABLE_CODE = YES;
				CLANG_WARN__DUPLICATE_METHOD_MATCH = YES;
				COPY_PHASE_STRIP = NO;
				DEBUG_INFORMATION_FORMAT = dwarf;
				ENABLE_STRICT_OBJC_MSGSEND = YES;
				ENABLE_TESTABILITY = YES;
				GCC_C_LANGUAGE_STANDARD = gnu11;
				GCC_DYNAMIC_NO_PIC = NO;
				GCC_NO_COMMON_BLOCKS = YES;
				GCC_OPTIMIZATION_LEVEL = 0;
				GCC_PREPROCESSOR_DEFINITIONS = (
					"DEBUG=1",
					"$(inherited)",
				);
				GCC_WARN_64_TO_32_BIT_CONVERSION = YES;
				GCC_WARN_ABOUT_RETURN_TYPE = YES_ERROR;
				GCC_WARN_UNDECLARED_SELECTOR = YES;
				GCC_WARN_UNINITIALIZED_AUTOS = YES_AGGRESSIVE;
				GCC_WARN_UNUSED_FUNCTION = YES;
				GCC_WARN_UNUSED_VARIABLE = YES;
				MTL_ENABLE_DEBUG_INFO = INCLUDE_SOURCE;
				MTL_FAST_MATH = YES;
				ONLY_ACTIVE_ARCH = YES;
				SWIFT_ACTIVE_COMPILATION_CONDITIONS = DEBUG;
				SWIFT_OPTIMIZATION_LEVEL = "-Onone";
			};
			name = Debug;
		};
		483318D227DB35E1002A07BA /* Release */ = {
			isa = XCBuildConfiguration;
			buildSettings = {
				ALWAYS_SEARCH_USER_PATHS = NO;
				CLANG_ANALYZER_NONNULL = YES;
				CLANG_ANALYZER_NUMBER_OBJECT_CONVERSION = YES_AGGRESSIVE;
				CLANG_CXX_LANGUAGE_STANDARD = "gnu++17";
				CLANG_CXX_LIBRARY = "libc++";
				CLANG_ENABLE_MODULES = YES;
				CLANG_ENABLE_OBJC_ARC = YES;
				CLANG_ENABLE_OBJC_WEAK = YES;
				CLANG_WARN_BLOCK_CAPTURE_AUTORELEASING = YES;
				CLANG_WARN_BOOL_CONVERSION = YES;
				CLANG_WARN_COMMA = YES;
				CLANG_WARN_CONSTANT_CONVERSION = YES;
				CLANG_WARN_DEPRECATED_OBJC_IMPLEMENTATIONS = YES;
				CLANG_WARN_DIRECT_OBJC_ISA_USAGE = YES_ERROR;
				CLANG_WARN_DOCUMENTATION_COMMENTS = YES;
				CLANG_WARN_EMPTY_BODY = YES;
				CLANG_WARN_ENUM_CONVERSION = YES;
				CLANG_WARN_INFINITE_RECURSION = YES;
				CLANG_WARN_INT_CONVERSION = YES;
				CLANG_WARN_NON_LITERAL_NULL_CONVERSION = YES;
				CLANG_WARN_OBJC_IMPLICIT_RETAIN_SELF = YES;
				CLANG_WARN_OBJC_LITERAL_CONVERSION = YES;
				CLANG_WARN_OBJC_ROOT_CLASS = YES_ERROR;
				CLANG_WARN_QUOTED_INCLUDE_IN_FRAMEWORK_HEADER = YES;
				CLANG_WARN_RANGE_LOOP_ANALYSIS = YES;
				CLANG_WARN_STRICT_PROTOTYPES = YES;
				CLANG_WARN_SUSPICIOUS_MOVE = YES;
				CLANG_WARN_UNGUARDED_AVAILABILITY = YES_AGGRESSIVE;
				CLANG_WARN_UNREACHABLE_CODE = YES;
				CLANG_WARN__DUPLICATE_METHOD_MATCH = YES;
				COPY_PHASE_STRIP = NO;
				DEBUG_INFORMATION_FORMAT = "dwarf-with-dsym";
				ENABLE_NS_ASSERTIONS = NO;
				ENABLE_STRICT_OBJC_MSGSEND = YES;
				GCC_C_LANGUAGE_STANDARD = gnu11;
				GCC_NO_COMMON_BLOCKS = YES;
				GCC_WARN_64_TO_32_BIT_CONVERSION = YES;
				GCC_WARN_ABOUT_RETURN_TYPE = YES_ERROR;
				GCC_WARN_UNDECLARED_SELECTOR = YES;
				GCC_WARN_UNINITIALIZED_AUTOS = YES_AGGRESSIVE;
				GCC_WARN_UNUSED_FUNCTION = YES;
				GCC_WARN_UNUSED_VARIABLE = YES;
				MTL_ENABLE_DEBUG_INFO = NO;
				MTL_FAST_MATH = YES;
				SWIFT_COMPILATION_MODE = wholemodule;
				SWIFT_OPTIMIZATION_LEVEL = "-O";
			};
			name = Release;
		};
		483318D427DB35E1002A07BA /* Debug */ = {
			isa = XCBuildConfiguration;
			buildSettings = {
				ASSETCATALOG_COMPILER_APPICON_NAME = AppIcon;
				ASSETCATALOG_COMPILER_GLOBAL_ACCENT_COLOR_NAME = AccentColor;
				CODE_SIGN_STYLE = Automatic;
				CURRENT_PROJECT_VERSION = 1;
				DEVELOPMENT_TEAM = 9774XVQ626;
				ENABLE_PREVIEWS = YES;
				GENERATE_INFOPLIST_FILE = YES;
				INFOPLIST_KEY_UIApplicationSceneManifest_Generation = YES;
				INFOPLIST_KEY_UIApplicationSupportsIndirectInputEvents = YES;
				INFOPLIST_KEY_UILaunchScreen_Generation = YES;
				INFOPLIST_KEY_UISupportedInterfaceOrientations_iPad = "UIInterfaceOrientationPortrait UIInterfaceOrientationPortraitUpsideDown UIInterfaceOrientationLandscapeLeft UIInterfaceOrientationLandscapeRight";
				INFOPLIST_KEY_UISupportedInterfaceOrientations_iPhone = "UIInterfaceOrientationPortrait UIInterfaceOrientationLandscapeLeft UIInterfaceOrientationLandscapeRight";
				IPHONEOS_DEPLOYMENT_TARGET = 15.2;
				LD_RUNPATH_SEARCH_PATHS = (
					"$(inherited)",
					"@executable_path/Frameworks",
				);
				MARKETING_VERSION = 1.0;
				PRODUCT_BUNDLE_IDENTIFIER = jingyuwang.playing;
				PRODUCT_NAME = playing;
				SDKROOT = iphoneos;
				SWIFT_EMIT_LOC_STRINGS = YES;
				SWIFT_VERSION = 5.0;
				TARGETED_DEVICE_FAMILY = "1,2";
			};
			name = Debug;
		};
		483318D527DB35E1002A07BA /* Release */ = {
			isa = XCBuildConfiguration;
			buildSettings = {
				ASSETCATALOG_COMPILER_APPICON_NAME = AppIcon;
				ASSETCATALOG_COMPILER_GLOBAL_ACCENT_COLOR_NAME = AccentColor;
				CODE_SIGN_STYLE = Automatic;
				CURRENT_PROJECT_VERSION = 1;
				DEVELOPMENT_TEAM = 9774XVQ626;
				ENABLE_PREVIEWS = YES;
				GENERATE_INFOPLIST_FILE = YES;
				INFOPLIST_KEY_UIApplicationSceneManifest_Generation = YES;
				INFOPLIST_KEY_UIApplicationSupportsIndirectInputEvents = YES;
				INFOPLIST_KEY_UILaunchScreen_Generation = YES;
				INFOPLIST_KEY_UISupportedInterfaceOrientations_iPad = "UIInterfaceOrientationPortrait UIInterfaceOrientationPortraitUpsideDown UIInterfaceOrientationLandscapeLeft UIInterfaceOrientationLandscapeRight";
				INFOPLIST_KEY_UISupportedInterfaceOrientations_iPhone = "UIInterfaceOrientationPortrait UIInterfaceOrientationLandscapeLeft UIInterfaceOrientationLandscapeRight";
				IPHONEOS_DEPLOYMENT_TARGET = 15.2;
				LD_RUNPATH_SEARCH_PATHS = (
					"$(inherited)",
					"@executable_path/Frameworks",
				);
				MARKETING_VERSION = 1.0;
				PRODUCT_BUNDLE_IDENTIFIER = jingyuwang.playing;
				PRODUCT_NAME = playing;
				SDKROOT = iphoneos;
				SWIFT_EMIT_LOC_STRINGS = YES;
				SWIFT_VERSION = 5.0;
				TARGETED_DEVICE_FAMILY = "1,2";
				VALIDATE_PRODUCT = YES;
			};
			name = Release;
		};
		483318D727DB35E1002A07BA /* Debug */ = {
			isa = XCBuildConfiguration;
			buildSettings = {
				ASSETCATALOG_COMPILER_APPICON_NAME = AppIcon;
				ASSETCATALOG_COMPILER_GLOBAL_ACCENT_COLOR_NAME = AccentColor;
				CODE_SIGN_ENTITLEMENTS = macOS/macOS.entitlements;
				CODE_SIGN_STYLE = Automatic;
				COMBINE_HIDPI_IMAGES = YES;
				CURRENT_PROJECT_VERSION = 1;
				DEVELOPMENT_TEAM = 9774XVQ626;
				ENABLE_HARDENED_RUNTIME = YES;
				ENABLE_PREVIEWS = YES;
				GENERATE_INFOPLIST_FILE = YES;
				INFOPLIST_KEY_NSHumanReadableCopyright = "";
				LD_RUNPATH_SEARCH_PATHS = (
					"$(inherited)",
					"@executable_path/../Frameworks",
				);
				MACOSX_DEPLOYMENT_TARGET = 12.1;
				MARKETING_VERSION = 1.0;
				PRODUCT_BUNDLE_IDENTIFIER = jingyuwang.playing;
				PRODUCT_NAME = playing;
				SDKROOT = macosx;
				SWIFT_EMIT_LOC_STRINGS = YES;
				SWIFT_VERSION = 5.0;
			};
			name = Debug;
		};
		483318D827DB35E1002A07BA /* Release */ = {
			isa = XCBuildConfiguration;
			buildSettings = {
				ASSETCATALOG_COMPILER_APPICON_NAME = AppIcon;
				ASSETCATALOG_COMPILER_GLOBAL_ACCENT_COLOR_NAME = AccentColor;
				CODE_SIGN_ENTITLEMENTS = macOS/macOS.entitlements;
				CODE_SIGN_STYLE = Automatic;
				COMBINE_HIDPI_IMAGES = YES;
				CURRENT_PROJECT_VERSION = 1;
				DEVELOPMENT_TEAM = 9774XVQ626;
				ENABLE_HARDENED_RUNTIME = YES;
				ENABLE_PREVIEWS = YES;
				GENERATE_INFOPLIST_FILE = YES;
				INFOPLIST_KEY_NSHumanReadableCopyright = "";
				LD_RUNPATH_SEARCH_PATHS = (
					"$(inherited)",
					"@executable_path/../Frameworks",
				);
				MACOSX_DEPLOYMENT_TARGET = 12.1;
				MARKETING_VERSION = 1.0;
				PRODUCT_BUNDLE_IDENTIFIER = jingyuwang.playing;
				PRODUCT_NAME = playing;
				SDKROOT = macosx;
				SWIFT_EMIT_LOC_STRINGS = YES;
				SWIFT_VERSION = 5.0;
			};
			name = Release;
		};
		483318DA27DB35E1002A07BA /* Debug */ = {
			isa = XCBuildConfiguration;
			buildSettings = {
				ALWAYS_EMBED_SWIFT_STANDARD_LIBRARIES = YES;
				CODE_SIGN_STYLE = Automatic;
				CURRENT_PROJECT_VERSION = 1;
				DEVELOPMENT_TEAM = 9774XVQ626;
				GENERATE_INFOPLIST_FILE = YES;
				IPHONEOS_DEPLOYMENT_TARGET = 15.2;
				MARKETING_VERSION = 1.0;
				PRODUCT_BUNDLE_IDENTIFIER = "jingyuwang.Tests-iOS";
				PRODUCT_NAME = "$(TARGET_NAME)";
				SDKROOT = iphoneos;
				SWIFT_EMIT_LOC_STRINGS = NO;
				SWIFT_VERSION = 5.0;
				TARGETED_DEVICE_FAMILY = "1,2";
				TEST_TARGET_NAME = "playing (iOS)";
			};
			name = Debug;
		};
		483318DB27DB35E1002A07BA /* Release */ = {
			isa = XCBuildConfiguration;
			buildSettings = {
				ALWAYS_EMBED_SWIFT_STANDARD_LIBRARIES = YES;
				CODE_SIGN_STYLE = Automatic;
				CURRENT_PROJECT_VERSION = 1;
				DEVELOPMENT_TEAM = 9774XVQ626;
				GENERATE_INFOPLIST_FILE = YES;
				IPHONEOS_DEPLOYMENT_TARGET = 15.2;
				MARKETING_VERSION = 1.0;
				PRODUCT_BUNDLE_IDENTIFIER = "jingyuwang.Tests-iOS";
				PRODUCT_NAME = "$(TARGET_NAME)";
				SDKROOT = iphoneos;
				SWIFT_EMIT_LOC_STRINGS = NO;
				SWIFT_VERSION = 5.0;
				TARGETED_DEVICE_FAMILY = "1,2";
				TEST_TARGET_NAME = "playing (iOS)";
				VALIDATE_PRODUCT = YES;
			};
			name = Release;
		};
		483318DD27DB35E1002A07BA /* Debug */ = {
			isa = XCBuildConfiguration;
			buildSettings = {
				ALWAYS_EMBED_SWIFT_STANDARD_LIBRARIES = YES;
				CODE_SIGN_STYLE = Automatic;
				CURRENT_PROJECT_VERSION = 1;
				DEVELOPMENT_TEAM = 9774XVQ626;
				GENERATE_INFOPLIST_FILE = YES;
				MACOSX_DEPLOYMENT_TARGET = 12.1;
				MARKETING_VERSION = 1.0;
				PRODUCT_BUNDLE_IDENTIFIER = "jingyuwang.Tests-macOS";
				PRODUCT_NAME = "$(TARGET_NAME)";
				SDKROOT = macosx;
				SWIFT_EMIT_LOC_STRINGS = NO;
				SWIFT_VERSION = 5.0;
				TEST_TARGET_NAME = "playing (macOS)";
			};
			name = Debug;
		};
		483318DE27DB35E1002A07BA /* Release */ = {
			isa = XCBuildConfiguration;
			buildSettings = {
				ALWAYS_EMBED_SWIFT_STANDARD_LIBRARIES = YES;
				CODE_SIGN_STYLE = Automatic;
				CURRENT_PROJECT_VERSION = 1;
				DEVELOPMENT_TEAM = 9774XVQ626;
				GENERATE_INFOPLIST_FILE = YES;
				MACOSX_DEPLOYMENT_TARGET = 12.1;
				MARKETING_VERSION = 1.0;
				PRODUCT_BUNDLE_IDENTIFIER = "jingyuwang.Tests-macOS";
				PRODUCT_NAME = "$(TARGET_NAME)";
				SDKROOT = macosx;
				SWIFT_EMIT_LOC_STRINGS = NO;
				SWIFT_VERSION = 5.0;
				TEST_TARGET_NAME = "playing (macOS)";
			};
			name = Release;
		};
/* End XCBuildConfiguration section */

/* Begin XCConfigurationList section */
		483318A127DB35DE002A07BA /* Build configuration list for PBXProject "playing" */ = {
			isa = XCConfigurationList;
			buildConfigurations = (
				483318D127DB35E1002A07BA /* Debug */,
				483318D227DB35E1002A07BA /* Release */,
			);
			defaultConfigurationIsVisible = 0;
			defaultConfigurationName = Release;
		};
		483318D327DB35E1002A07BA /* Build configuration list for PBXNativeTarget "playing (iOS)" */ = {
			isa = XCConfigurationList;
			buildConfigurations = (
				483318D427DB35E1002A07BA /* Debug */,
				483318D527DB35E1002A07BA /* Release */,
			);
			defaultConfigurationIsVisible = 0;
			defaultConfigurationName = Release;
		};
		483318D627DB35E1002A07BA /* Build configuration list for PBXNativeTarget "playing (macOS)" */ = {
			isa = XCConfigurationList;
			buildConfigurations = (
				483318D727DB35E1002A07BA /* Debug */,
				483318D827DB35E1002A07BA /* Release */,
			);
			defaultConfigurationIsVisible = 0;
			defaultConfigurationName = Release;
		};
		483318D927DB35E1002A07BA /* Build configuration list for PBXNativeTarget "Tests iOS" */ = {
			isa = XCConfigurationList;
			buildConfigurations = (
				483318DA27DB35E1002A07BA /* Debug */,
				483318DB27DB35E1002A07BA /* Release */,
			);
			defaultConfigurationIsVisible = 0;
			defaultConfigurationName = Release;
		};
		483318DC27DB35E1002A07BA /* Build configuration list for PBXNativeTarget "Tests macOS" */ = {
			isa = XCConfigurationList;
			buildConfigurations = (
				483318DD27DB35E1002A07BA /* Debug */,
				483318DE27DB35E1002A07BA /* Release */,
			);
			defaultConfigurationIsVisible = 0;
			defaultConfigurationName = Release;
		};
/* End XCConfigurationList section */
	};
	rootObject = 4833189E27DB35DE002A07BA /* Project object */;
}
